<?xml version="1.0" encoding="utf-8"?>
<Project ToolsVersion="4.0" xmlns="http://schemas.microsoft.com/developer/msbuild/2003">
  <ItemGroup>
    <Filter Include="Source Files">
      <UniqueIdentifier>{4FC737F1-C7A5-4376-A066-2A32D752A2FF}</UniqueIdentifier>
      <Extensions>cpp;c;cc;cxx;def;odl;idl;hpj;bat;asm;asmx</Extensions>
    </Filter>
    <Filter Include="Header Files">
      <UniqueIdentifier>{93995380-89BD-4b04-88EB-625FBE52EBFB}</UniqueIdentifier>
      <Extensions>h;hh;hpp;hxx;hm;inl;inc;xsd</Extensions>
    </Filter>
    <Filter Include="Resource Files">
      <UniqueIdentifier>{67DA6AB6-F800-4c08-8B7A-83BB121AAD01}</UniqueIdentifier>
      <Extensions>rc;ico;cur;bmp;dlg;rc2;rct;bin;rgs;gif;jpg;jpeg;jpe;resx;tiff;tif;png;wav</Extensions>
    </Filter>
  </ItemGroup>
  <ItemGroup>
    <ClCompile Include="bankingsystemlauncher\BankingSystemLauncher.cpp">
      <Filter>Source Files</Filter>
    </ClCompile>
    <ClCompile Include="commandshierarchy\Commands.cpp">
      <Filter>Source Files</Filter>
    </ClCompile>
    <ClCompile Include="commandshierarchy\bankercommands\ApproveTaskCommands.cpp">
      <Filter>Source Files</Filter>
    </ClCompile>
    <ClCompile Include="commandshierarchy\bankercommands\DisapproveTaskCommands.cpp">
      <Filter>Source Files</Filter>
    </ClCompile>
    <ClCompile Include="commandshierarchy\bankercommands\ShowTasksCommands.cpp">
      <Filter>Source Files</Filter>
    </ClCompile>
    <ClCompile Include="commandshierarchy\bankercommands\ValidateTaskCommands.cpp">
      <Filter>Source Files</Filter>
    </ClCompile>
    <ClCompile Include="commandshierarchy\bankercommands\ViewTaskCommands.cpp">
      <Filter>Source Files</Filter>
    </ClCompile>
    <ClCompile Include="commandshierarchy\bankingsystemcommands\CreateBankCommands.cpp">
      <Filter>Source Files</Filter>
    </ClCompile>
    <ClCompile Include="commandshierarchy\bankingsystemcommands\LogInCommands.cpp">
      <Filter>Source Files</Filter>
    </ClCompile>
    <ClCompile Include="commandshierarchy\clientcommands\ChangeBankCommands.cpp">
      <Filter>Source Files</Filter>
    </ClCompile>
    <ClCompile Include="commandshierarchy\clientcommands\CheckAvlCommands.cpp">
      <Filter>Source Files</Filter>
    </ClCompile>
    <ClCompile Include="commandshierarchy\clientcommands\CloseAccountCommands.cpp">
      <Filter>Source Files</Filter>
    </ClCompile>
    <ClCompile Include="commandshierarchy\clientcommands\ListAccountsCommands.cpp">
      <Filter>Source Files</Filter>
    </ClCompile>
    <ClCompile Include="commandshierarchy\clientcommands\OpenAccountCommands.cpp">
      <Filter>Source Files</Filter>
    </ClCompile>
    <ClCompile Include="commandshierarchy\clientcommands\RedeemChequeCommands.cpp">
      <Filter>Source Files</Filter>
    </ClCompile>
    <ClCompile Include="commandshierarchy\clientcommands\ShowMessagesCommands.cpp">
      <Filter>Source Files</Filter>
    </ClCompile>
    <ClCompile Include="commandshierarchy\thirdpartycommands\SendChequeCommands.cpp">
      <Filter>Source Files</Filter>
    </ClCompile>
    <ClCompile Include="components\Account.cpp">
      <Filter>Source Files</Filter>
    </ClCompile>
    <ClCompile Include="components\Bank.cpp">
      <Filter>Source Files</Filter>
    </ClCompile>
    <ClCompile Include="components\BankingSystem.cpp">
      <Filter>Source Files</Filter>
    </ClCompile>
    <ClCompile Include="components\Cheque.cpp">
      <Filter>Source Files</Filter>
    </ClCompile>
    <ClCompile Include="components\Message.cpp">
      <Filter>Source Files</Filter>
    </ClCompile>
    <ClCompile Include="helpers\HelperFuncs.cpp">
      <Filter>Source Files</Filter>
    </ClCompile>
    <ClCompile Include="helpers\MyString.cpp">
      <Filter>Source Files</Filter>
    </ClCompile>
    <ClCompile Include="taskshierarchy\ChangeBankTask.cpp">
      <Filter>Source Files</Filter>
    </ClCompile>
    <ClCompile Include="taskshierarchy\CloseAccountTask.cpp">
      <Filter>Source Files</Filter>
    </ClCompile>
    <ClCompile Include="taskshierarchy\OpenAccountTask.cpp">
      <Filter>Source Files</Filter>
    </ClCompile>
    <ClCompile Include="taskshierarchy\Task.cpp">
      <Filter>Source Files</Filter>
    </ClCompile>
    <ClCompile Include="taskshierarchy\TaskFactory.cpp">
      <Filter>Source Files</Filter>
    </ClCompile>
    <ClCompile Include="usershierarchy\Banker.cpp">
      <Filter>Source Files</Filter>
    </ClCompile>
    <ClCompile Include="usershierarchy\Client.cpp">
      <Filter>Source Files</Filter>
    </ClCompile>
    <ClCompile Include="usershierarchy\ThirdPartyEmployee.cpp">
      <Filter>Source Files</Filter>
    </ClCompile>
    <ClCompile Include="usershierarchy\User.cpp">
      <Filter>Source Files</Filter>
    </ClCompile>
    <ClCompile Include="main.cpp">
      <Filter>Source Files</Filter>
    </ClCompile>
    <ClCompile Include="CommandsHierarchy\CommandFactory.cpp">
      <Filter>Source Files</Filter>
    </ClCompile>
    <ClCompile Include="CommandsHierarchy\BankingSystemCommands\SignUpCommand.cpp">
      <Filter>Source Files</Filter>
    </ClCompile>
    <ClCompile Include="CommandsHierarchy\BankingSystemCommands\WhoAmICommand.cpp">
      <Filter>Source Files</Filter>
    </ClCompile>
    <ClCompile Include="CommandsHierarchy\BankingSystemCommands\HelpCommand.cpp">
      <Filter>Source Files</Filter>
    </ClCompile>
    <ClCompile Include="CommandsHierarchy\BankingSystemCommands\ExitCommand.cpp">
      <Filter>Source Files</Filter>
    </ClCompile>
  </ItemGroup>
  <ItemGroup>
    <ClInclude Include="bankingsystemlauncher\BankingSystemLauncher.h">
      <Filter>Header Files</Filter>
    </ClInclude>
    <ClInclude Include="commandshierarchy\Commands.h">
      <Filter>Header Files</Filter>
    </ClInclude>
    <ClInclude Include="commandshierarchy\bankercommands\ApproveTaskCommands.h">
      <Filter>Header Files</Filter>
    </ClInclude>
    <ClInclude Include="commandshierarchy\bankercommands\DisapproveTaskCommands.h">
      <Filter>Header Files</Filter>
    </ClInclude>
    <ClInclude Include="commandshierarchy\bankercommands\ShowTasksCommands.h">
      <Filter>Header Files</Filter>
    </ClInclude>
    <ClInclude Include="commandshierarchy\bankercommands\ValidateTaskCommands.h">
      <Filter>Header Files</Filter>
    </ClInclude>
    <ClInclude Include="commandshierarchy\bankercommands\ViewTaskCommands.h">
      <Filter>Header Files</Filter>
    </ClInclude>
    <ClInclude Include="commandshierarchy\bankingsystemcommands\CreateBankCommands.h">
      <Filter>Header Files</Filter>
    </ClInclude>
    <ClInclude Include="commandshierarchy\bankingsystemcommands\LogInCommands.h">
      <Filter>Header Files</Filter>
    </ClInclude>
    <ClInclude Include="commandshierarchy\clientcommands\ChangeBankCommands.h">
      <Filter>Header Files</Filter>
    </ClInclude>
    <ClInclude Include="commandshierarchy\clientcommands\CheckAvlCommands.h">
      <Filter>Header Files</Filter>
    </ClInclude>
    <ClInclude Include="commandshierarchy\clientcommands\CloseAccountCommands.h">
      <Filter>Header Files</Filter>
    </ClInclude>
    <ClInclude Include="commandshierarchy\clientcommands\ListAccountsCommands.h">
      <Filter>Header Files</Filter>
    </ClInclude>
    <ClInclude Include="commandshierarchy\clientcommands\OpenAccountCommands.h">
      <Filter>Header Files</Filter>
    </ClInclude>
    <ClInclude Include="commandshierarchy\clientcommands\RedeemChequeCommands.h">
      <Filter>Header Files</Filter>
    </ClInclude>
    <ClInclude Include="commandshierarchy\clientcommands\ShowMessagesCommands.h">
      <Filter>Header Files</Filter>
    </ClInclude>
    <ClInclude Include="commandshierarchy\thirdpartycommands\SendChequeCommands.h">
      <Filter>Header Files</Filter>
    </ClInclude>
    <ClInclude Include="components\Account.h">
      <Filter>Header Files</Filter>
    </ClInclude>
    <ClInclude Include="components\Bank.h">
      <Filter>Header Files</Filter>
    </ClInclude>
    <ClInclude Include="components\BankingSystem.h">
      <Filter>Header Files</Filter>
    </ClInclude>
    <ClInclude Include="components\Cheque.h">
      <Filter>Header Files</Filter>
    </ClInclude>
    <ClInclude Include="components\Message.h">
      <Filter>Header Files</Filter>
    </ClInclude>
    <ClInclude Include="helpers\HelperFuncs.h">
      <Filter>Header Files</Filter>
    </ClInclude>
    <ClInclude Include="helpers\MyString.h">
      <Filter>Header Files</Filter>
    </ClInclude>
    <ClInclude Include="helpers\MyVector.hpp">
      <Filter>Header Files</Filter>
    </ClInclude>
    <ClInclude Include="helpers\polymorphic_ptr.hpp">
      <Filter>Header Files</Filter>
    </ClInclude>
    <ClInclude Include="taskshierarchy\ChangeBankTask.h">
      <Filter>Header Files</Filter>
    </ClInclude>
    <ClInclude Include="taskshierarchy\CloseAccountTask.h">
      <Filter>Header Files</Filter>
    </ClInclude>
    <ClInclude Include="taskshierarchy\OpenAccountTask.h">
      <Filter>Header Files</Filter>
    </ClInclude>
    <ClInclude Include="taskshierarchy\Task.h">
      <Filter>Header Files</Filter>
    </ClInclude>
    <ClInclude Include="taskshierarchy\TaskFactory.h">
      <Filter>Header Files</Filter>
    </ClInclude>
    <ClInclude Include="usershierarchy\Banker.h">
      <Filter>Header Files</Filter>
    </ClInclude>
    <ClInclude Include="usershierarchy\Client.h">
      <Filter>Header Files</Filter>
    </ClInclude>
    <ClInclude Include="usershierarchy\ThirdPartyEmployee.h">
      <Filter>Header Files</Filter>
    </ClInclude>
    <ClInclude Include="usershierarchy\User.h">
      <Filter>Header Files</Filter>
    </ClInclude>
    <ClInclude Include="CommandsHierarchy\CommandFactory.h">
      <Filter>Header Files</Filter>
    </ClInclude>
    <ClInclude Include="CommandsHierarchy\BankingSystemCommands\WhoAmICommand.h">
      <Filter>Header Files</Filter>
    </ClInclude>
    <ClInclude Include="CommandsHierarchy\BankingSystemCommands\HelpCommand.h">
      <Filter>Header Files</Filter>
    </ClInclude>
    <ClInclude Include="CommandsHierarchy\BankingSystemCommands\ExitCommand.h">
      <Filter>Header Files</Filter>
    </ClInclude>
  </ItemGroup>
</Project>