
Microsoft Visual Studio Solution File, Format Version 12.00
# Visual Studio Version 16
VisualStudioVersion = 16.0.34031.81
MinimumVisualStudioVersion = 10.0.40219.1
Project("{8BC9CEB8-8B4A-11D0-8D11-00A0C91BC942}") = "BankingSystem", "BankingSystem\BankingSystem.vcxproj", "{223C5E1C-268B-4F1E-8E5D-183F36EB4D4F}"
EndProject
Project("{8BC9CEB8-8B4A-11D0-8D11-00A0C91BC942}") = "BANKING SYSTEM FINAL VERSION", "BANKING SYSTEM FINAL VERSION\BANKING SYSTEM FINAL VERSION.vcxproj", "{5E5CEEEB-C560-4AD3-AE43-86405F79CD72}"
EndProject
Global
	GlobalSection(SolutionConfigurationPlatforms) = preSolution
		Debug|x64 = Debug|x64
		Debug|x86 = Debug|x86
		Release|x64 = Release|x64
		Release|x86 = Release|x86
	EndGlobalSection
	GlobalSection(ProjectConfigurationPlatforms) = postSolution
		{223C5E1C-268B-4F1E-8E5D-183F36EB4D4F}.Debug|x64.ActiveCfg = Debug|x64
		{223C5E1C-268B-4F1E-8E5D-183F36EB4D4F}.Debug|x64.Build.0 = Debug|x64
		{223C5E1C-268B-4F1E-8E5D-183F36EB4D4F}.Debug|x86.ActiveCfg = Debug|Win32
		{223C5E1C-268B-4F1E-8E5D-183F36EB4D4F}.Debug|x86.Build.0 = Debug|Win32
		{223C5E1C-268B-4F1E-8E5D-183F36EB4D4F}.Release|x64.ActiveCfg = Release|x64
		{223C5E1C-268B-4F1E-8E5D-183F36EB4D4F}.Release|x64.Build.0 = Release|x64
		{223C5E1C-268B-4F1E-8E5D-183F36EB4D4F}.Release|x86.ActiveCfg = Release|Win32
		{223C5E1C-268B-4F1E-8E5D-183F36EB4D4F}.Release|x86.Build.0 = Release|Win32
		{5E5CEEEB-C560-4AD3-AE43-86405F79CD72}.Debug|x64.ActiveCfg = Debug|x64
		{5E5CEEEB-C560-4AD3-AE43-86405F79CD72}.Debug|x64.Build.0 = Debug|x64
		{5E5CEEEB-C560-4AD3-AE43-86405F79CD72}.Debug|x86.ActiveCfg = Debug|Win32
		{5E5CEEEB-C560-4AD3-AE43-86405F79CD72}.Debug|x86.Build.0 = Debug|Win32
		{5E5CEEEB-C560-4AD3-AE43-86405F79CD72}.Release|x64.ActiveCfg = Release|x64
		{5E5CEEEB-C560-4AD3-AE43-86405F79CD72}.Release|x64.Build.0 = Release|x64
		{5E5CEEEB-C560-4AD3-AE43-86405F79CD72}.Release|x86.ActiveCfg = Release|Win32
		{5E5CEEEB-C560-4AD3-AE43-86405F79CD72}.Release|x86.Build.0 = Release|Win32
	EndGlobalSection
	GlobalSection(SolutionProperties) = preSolution
		HideSolutionNode = FALSE
	EndGlobalSection
	GlobalSection(ExtensibilityGlobals) = postSolution
		SolutionGuid = {02FF573B-AE20-4FFC-9AD7-52866A71E58D}
	EndGlobalSection
EndGlobal
